// !$*UTF8*$!
{
	archiveVersion = 1;
	classes = {
	};
	objectVersion = 46;
	objects = {

/* Begin PBXBuildFile section */
		929745431F27DC8C00A9AD4D /* AppDelegate.swift in Sources */ = {isa = PBXBuildFile; fileRef = 929745421F27DC8C00A9AD4D /* AppDelegate.swift */; };
		929745451F27DC8C00A9AD4D /* ViewController.swift in Sources */ = {isa = PBXBuildFile; fileRef = 929745441F27DC8C00A9AD4D /* ViewController.swift */; };
		929745481F27DC8C00A9AD4D /* Main.storyboard in Resources */ = {isa = PBXBuildFile; fileRef = 929745461F27DC8C00A9AD4D /* Main.storyboard */; };
		9297454A1F27DC8C00A9AD4D /* Assets.xcassets in Resources */ = {isa = PBXBuildFile; fileRef = 929745491F27DC8C00A9AD4D /* Assets.xcassets */; };
		9297454D1F27DC8C00A9AD4D /* LaunchScreen.storyboard in Resources */ = {isa = PBXBuildFile; fileRef = 9297454B1F27DC8C00A9AD4D /* LaunchScreen.storyboard */; };
		929745581F27DC8C00A9AD4D /* camelcaseTests.swift in Sources */ = {isa = PBXBuildFile; fileRef = 929745571F27DC8C00A9AD4D /* camelcaseTests.swift */; };
		92D940EC1F30F0FD00A8A880 /* NavigationCollectionViewCell.swift in Sources */ = {isa = PBXBuildFile; fileRef = 92D940EB1F30F0FD00A8A880 /* NavigationCollectionViewCell.swift */; };
/* End PBXBuildFile section */

/* Begin PBXContainerItemProxy section */
		929745541F27DC8C00A9AD4D /* PBXContainerItemProxy */ = {
			isa = PBXContainerItemProxy;
			containerPortal = 929745371F27DC8C00A9AD4D /* Project object */;
			proxyType = 1;
			remoteGlobalIDString = 9297453E1F27DC8C00A9AD4D;
			remoteInfo = camelcase;
		};
/* End PBXContainerItemProxy section */

/* Begin PBXFileReference section */
		9297453F1F27DC8C00A9AD4D /* camelcase.app */ = {isa = PBXFileReference; explicitFileType = wrapper.application; includeInIndex = 0; path = camelcase.app; sourceTree = BUILT_PRODUCTS_DIR; };
		929745421F27DC8C00A9AD4D /* AppDelegate.swift */ = {isa = PBXFileReference; lastKnownFileType = sourcecode.swift; path = AppDelegate.swift; sourceTree = "<group>"; };
		929745441F27DC8C00A9AD4D /* ViewController.swift */ = {isa = PBXFileReference; lastKnownFileType = sourcecode.swift; path = ViewController.swift; sourceTree = "<group>"; };
		929745471F27DC8C00A9AD4D /* Base */ = {isa = PBXFileReference; lastKnownFileType = file.storyboard; name = Base; path = Base.lproj/Main.storyboard; sourceTree = "<group>"; };
		929745491F27DC8C00A9AD4D /* Assets.xcassets */ = {isa = PBXFileReference; lastKnownFileType = folder.assetcatalog; path = Assets.xcassets; sourceTree = "<group>"; };
		9297454C1F27DC8C00A9AD4D /* Base */ = {isa = PBXFileReference; lastKnownFileType = file.storyboard; name = Base; path = Base.lproj/LaunchScreen.storyboard; sourceTree = "<group>"; };
		9297454E1F27DC8C00A9AD4D /* Info.plist */ = {isa = PBXFileReference; lastKnownFileType = text.plist.xml; path = Info.plist; sourceTree = "<group>"; };
		929745531F27DC8C00A9AD4D /* camelcaseTests.xctest */ = {isa = PBXFileReference; explicitFileType = wrapper.cfbundle; includeInIndex = 0; path = camelcaseTests.xctest; sourceTree = BUILT_PRODUCTS_DIR; };
		929745571F27DC8C00A9AD4D /* camelcaseTests.swift */ = {isa = PBXFileReference; lastKnownFileType = sourcecode.swift; path = camelcaseTests.swift; sourceTree = "<group>"; };
		929745591F27DC8C00A9AD4D /* Info.plist */ = {isa = PBXFileReference; lastKnownFileType = text.plist.xml; path = Info.plist; sourceTree = "<group>"; };
		92D940EB1F30F0FD00A8A880 /* NavigationCollectionViewCell.swift */ = {isa = PBXFileReference; fileEncoding = 4; lastKnownFileType = sourcecode.swift; path = NavigationCollectionViewCell.swift; sourceTree = "<group>"; };
/* End PBXFileReference section */

/* Begin PBXFrameworksBuildPhase section */
		9297453C1F27DC8C00A9AD4D /* Frameworks */ = {
			isa = PBXFrameworksBuildPhase;
			buildActionMask = 2147483647;
			files = (
			);
			runOnlyForDeploymentPostprocessing = 0;
		};
		929745501F27DC8C00A9AD4D /* Frameworks */ = {
			isa = PBXFrameworksBuildPhase;
			buildActionMask = 2147483647;
			files = (
			);
			runOnlyForDeploymentPostprocessing = 0;
		};
/* End PBXFrameworksBuildPhase section */

/* Begin PBXGroup section */
		929745361F27DC8C00A9AD4D = {
			isa = PBXGroup;
			children = (
				929745411F27DC8C00A9AD4D /* camelcase */,
				929745561F27DC8C00A9AD4D /* camelcaseTests */,
				929745401F27DC8C00A9AD4D /* Products */,
			);
			sourceTree = "<group>";
		};
		929745401F27DC8C00A9AD4D /* Products */ = {
			isa = PBXGroup;
			children = (
				9297453F1F27DC8C00A9AD4D /* camelcase.app */,
				929745531F27DC8C00A9AD4D /* camelcaseTests.xctest */,
			);
			name = Products;
			sourceTree = "<group>";
		};
		929745411F27DC8C00A9AD4D /* camelcase */ = {
			isa = PBXGroup;
			children = (
				929745421F27DC8C00A9AD4D /* AppDelegate.swift */,
				929745441F27DC8C00A9AD4D /* ViewController.swift */,
				929745461F27DC8C00A9AD4D /* Main.storyboard */,
				92D940EB1F30F0FD00A8A880 /* NavigationCollectionViewCell.swift */,
				929745491F27DC8C00A9AD4D /* Assets.xcassets */,
				9297454B1F27DC8C00A9AD4D /* LaunchScreen.storyboard */,
				9297454E1F27DC8C00A9AD4D /* Info.plist */,
			);
			path = camelcase;
			sourceTree = "<group>";
		};
		929745561F27DC8C00A9AD4D /* camelcaseTests */ = {
			isa = PBXGroup;
			children = (
				929745571F27DC8C00A9AD4D /* camelcaseTests.swift */,
				929745591F27DC8C00A9AD4D /* Info.plist */,
			);
			path = camelcaseTests;
			sourceTree = "<group>";
		};
/* End PBXGroup section */

/* Begin PBXNativeTarget section */
		9297453E1F27DC8C00A9AD4D /* camelcase */ = {
			isa = PBXNativeTarget;
			buildConfigurationList = 9297455C1F27DC8C00A9AD4D /* Build configuration list for PBXNativeTarget "camelcase" */;
			buildPhases = (
				9297453B1F27DC8C00A9AD4D /* Sources */,
				9297453C1F27DC8C00A9AD4D /* Frameworks */,
				9297453D1F27DC8C00A9AD4D /* Resources */,
			);
			buildRules = (
			);
			dependencies = (
			);
			name = camelcase;
			productName = camelcase;
			productReference = 9297453F1F27DC8C00A9AD4D /* camelcase.app */;
			productType = "com.apple.product-type.application";
		};
		929745521F27DC8C00A9AD4D /* camelcaseTests */ = {
			isa = PBXNativeTarget;
			buildConfigurationList = 9297455F1F27DC8C00A9AD4D /* Build configuration list for PBXNativeTarget "camelcaseTests" */;
			buildPhases = (
				9297454F1F27DC8C00A9AD4D /* Sources */,
				929745501F27DC8C00A9AD4D /* Frameworks */,
				929745511F27DC8C00A9AD4D /* Resources */,
			);
			buildRules = (
			);
			dependencies = (
				929745551F27DC8C00A9AD4D /* PBXTargetDependency */,
			);
			name = camelcaseTests;
			productName = camelcaseTests;
			productReference = 929745531F27DC8C00A9AD4D /* camelcaseTests.xctest */;
			productType = "com.apple.product-type.bundle.unit-test";
		};
/* End PBXNativeTarget section */

/* Begin PBXProject section */
		929745371F27DC8C00A9AD4D /* Project object */ = {
			isa = PBXProject;
			attributes = {
				LastSwiftUpdateCheck = 0830;
				LastUpgradeCheck = 0830;
				ORGANIZATIONNAME = "Peter Wang";
				TargetAttributes = {
					9297453E1F27DC8C00A9AD4D = {
						CreatedOnToolsVersion = 8.3.3;
						DevelopmentTeam = 758G5UZFGG;
						ProvisioningStyle = Automatic;
					};
					929745521F27DC8C00A9AD4D = {
						CreatedOnToolsVersion = 8.3.3;
						DevelopmentTeam = 758G5UZFGG;
						ProvisioningStyle = Automatic;
						TestTargetID = 9297453E1F27DC8C00A9AD4D;
					};
				};
			};
			buildConfigurationList = 9297453A1F27DC8C00A9AD4D /* Build configuration list for PBXProject "camelcase" */;
			compatibilityVersion = "Xcode 3.2";
			developmentRegion = English;
			hasScannedForEncodings = 0;
			knownRegions = (
				en,
				Base,
			);
			mainGroup = 929745361F27DC8C00A9AD4D;
			productRefGroup = 929745401F27DC8C00A9AD4D /* Products */;
			projectDirPath = "";
			projectRoot = "";
			targets = (
				9297453E1F27DC8C00A9AD4D /* camelcase */,
				929745521F27DC8C00A9AD4D /* camelcaseTests */,
			);
		};
/* End PBXProject section */

/* Begin PBXResourcesBuildPhase section */
		9297453D1F27DC8C00A9AD4D /* Resources */ = {
			isa = PBXResourcesBuildPhase;
			buildActionMask = 2147483647;
			files = (
				9297454D1F27DC8C00A9AD4D /* LaunchScreen.storyboard in Resources */,
				9297454A1F27DC8C00A9AD4D /* Assets.xcassets in Resources */,
				929745481F27DC8C00A9AD4D /* Main.storyboard in Resources */,
			);
			runOnlyForDeploymentPostprocessing = 0;
		};
		929745511F27DC8C00A9AD4D /* Resources */ = {
			isa = PBXResourcesBuildPhase;
			buildActionMask = 2147483647;
			files = (
			);
			runOnlyForDeploymentPostprocessing = 0;
		};
/* End PBXResourcesBuildPhase section */

/* Begin PBXSourcesBuildPhase section */
		9297453B1F27DC8C00A9AD4D /* Sources */ = {
			isa = PBXSourcesBuildPhase;
			buildActionMask = 2147483647;
			files = (
				929745451F27DC8C00A9AD4D /* ViewController.swift in Sources */,
				929745431F27DC8C00A9AD4D /* AppDelegate.swift in Sources */,
				92D940EC1F30F0FD00A8A880 /* NavigationCollectionViewCell.swift in Sources */,
			);
			runOnlyForDeploymentPostprocessing = 0;
		};
		9297454F1F27DC8C00A9AD4D /* Sources */ = {
			isa = PBXSourcesBuildPhase;
			buildActionMask = 2147483647;
			files = (
				929745581F27DC8C00A9AD4D /* camelcaseTests.swift in Sources */,
			);
			runOnlyForDeploymentPostprocessing = 0;
		};
/* End PBXSourcesBuildPhase section */

/* Begin PBXTargetDependency section */
		929745551F27DC8C00A9AD4D /* PBXTargetDependency */ = {
			isa = PBXTargetDependency;
			target = 9297453E1F27DC8C00A9AD4D /* camelcase */;
			targetProxy = 929745541F27DC8C00A9AD4D /* PBXContainerItemProxy */;
		};
/* End PBXTargetDependency section */

/* Begin PBXVariantGroup section */
		929745461F27DC8C00A9AD4D /* Main.storyboard */ = {
			isa = PBXVariantGroup;
			children = (
				929745471F27DC8C00A9AD4D /* Base */,
			);
			name = Main.storyboard;
			sourceTree = "<group>";
		};
		9297454B1F27DC8C00A9AD4D /* LaunchScreen.storyboard */ = {
			isa = PBXVariantGroup;
			children = (
				9297454C1F27DC8C00A9AD4D /* Base */,
			);
			name = LaunchScreen.storyboard;
			sourceTree = "<group>";
		};
/* End PBXVariantGroup section */

/* Begin XCBuildConfiguration section */
		9297455A1F27DC8C00A9AD4D /* Debug */ = {
			isa = XCBuildConfiguration;
			buildSettings = {
				ALWAYS_SEARCH_USER_PATHS = NO;
				CLANG_ANALYZER_NONNULL = YES;
				CLANG_ANALYZER_NUMBER_OBJECT_CONVERSION = YES_AGGRESSIVE;
				CLANG_CXX_LANGUAGE_STANDARD = "gnu++0x";
				CLANG_CXX_LIBRARY = "libc++";
				CLANG_ENABLE_MODULES = YES;
				CLANG_ENABLE_OBJC_ARC = YES;
				CLANG_WARN_BOOL_CONVERSION = YES;
				CLANG_WARN_CONSTANT_CONVERSION = YES;
				CLANG_WARN_DIRECT_OBJC_ISA_USAGE = YES_ERROR;
				CLANG_WARN_DOCUMENTATION_COMMENTS = YES;
				CLANG_WARN_EMPTY_BODY = YES;
				CLANG_WARN_ENUM_CONVERSION = YES;
				CLANG_WARN_INFINITE_RECURSION = YES;
				CLANG_WARN_INT_CONVERSION = YES;
				CLANG_WARN_OBJC_ROOT_CLASS = YES_ERROR;
				CLANG_WARN_SUSPICIOUS_MOVE = YES;
				CLANG_WARN_UNREACHABLE_CODE = YES;
				CLANG_WARN__DUPLICATE_METHOD_MATCH = YES;
				"CODE_SIGN_IDENTITY[sdk=iphoneos*]" = "iPhone Developer";
				COPY_PHASE_STRIP = NO;
				DEBUG_INFORMATION_FORMAT = dwarf;
				ENABLE_STRICT_OBJC_MSGSEND = YES;
				ENABLE_TESTABILITY = YES;
				GCC_C_LANGUAGE_STANDARD = gnu99;
				GCC_DYNAMIC_NO_PIC = NO;
				GCC_NO_COMMON_BLOCKS = YES;
				GCC_OPTIMIZATION_LEVEL = 0;
				GCC_PREPROCESSOR_DEFINITIONS = (
					"DEBUG=1",
					"$(inherited)",
				);
				GCC_WARN_64_TO_32_BIT_CONVERSION = YES;
				GCC_WARN_ABOUT_RETURN_TYPE = YES_ERROR;
				GCC_WARN_UNDECLARED_SELECTOR = YES;
				GCC_WARN_UNINITIALIZED_AUTOS = YES_AGGRESSIVE;
				GCC_WARN_UNUSED_FUNCTION = YES;
				GCC_WARN_UNUSED_VARIABLE = YES;
				IPHONEOS_DEPLOYMENT_TARGET = 10.3;
				MTL_ENABLE_DEBUG_INFO = YES;
				ONLY_ACTIVE_ARCH = YES;
				SDKROOT = iphoneos;
				SWIFT_ACTIVE_COMPILATION_CONDITIONS = DEBUG;
				SWIFT_OPTIMIZATION_LEVEL = "-Onone";
				TARGETED_DEVICE_FAMILY = "1,2";
			};
			name = Debug;
		};
		9297455B1F27DC8C00A9AD4D /* Release */ = {
			isa = XCBuildConfiguration;
			buildSettings = {
				ALWAYS_SEARCH_USER_PATHS = NO;
				CLANG_ANALYZER_NONNULL = YES;
				CLANG_ANALYZER_NUMBER_OBJECT_CONVERSION = YES_AGGRESSIVE;
				CLANG_CXX_LANGUAGE_STANDARD = "gnu++0x";
				CLANG_CXX_LIBRARY = "libc++";
				CLANG_ENABLE_MODULES = YES;
				CLANG_ENABLE_OBJC_ARC = YES;
				CLANG_WARN_BOOL_CONVERSION = YES;
				CLANG_WARN_CONSTANT_CONVERSION = YES;
				CLANG_WARN_DIRECT_OBJC_ISA_USAGE = YES_ERROR;
				CLANG_WARN_DOCUMENTATION_COMMENTS = YES;
				CLANG_WARN_EMPTY_BODY = YES;
				CLANG_WARN_ENUM_CONVERSION = YES;
				CLANG_WARN_INFINITE_RECURSION = YES;
				CLANG_WARN_INT_CONVERSION = YES;
				CLANG_WARN_OBJC_ROOT_CLASS = YES_ERROR;
				CLANG_WARN_SUSPICIOUS_MOVE = YES;
				CLANG_WARN_UNREACHABLE_CODE = YES;
				CLANG_WARN__DUPLICATE_METHOD_MATCH = YES;
				"CODE_SIGN_IDENTITY[sdk=iphoneos*]" = "iPhone Developer";
				COPY_PHASE_STRIP = NO;
				DEBUG_INFORMATION_FORMAT = "dwarf-with-dsym";
				ENABLE_NS_ASSERTIONS = NO;
				ENABLE_STRICT_OBJC_MSGSEND = YES;
				GCC_C_LANGUAGE_STANDARD = gnu99;
				GCC_NO_COMMON_BLOCKS = YES;
				GCC_WARN_64_TO_32_BIT_CONVERSION = YES;
				GCC_WARN_ABOUT_RETURN_TYPE = YES_ERROR;
				GCC_WARN_UNDECLARED_SELECTOR = YES;
				GCC_WARN_UNINITIALIZED_AUTOS = YES_AGGRESSIVE;
				GCC_WARN_UNUSED_FUNCTION = YES;
				GCC_WARN_UNUSED_VARIABLE = YES;
				IPHONEOS_DEPLOYMENT_TARGET = 10.3;
				MTL_ENABLE_DEBUG_INFO = NO;
				SDKROOT = iphoneos;
				SWIFT_OPTIMIZATION_LEVEL = "-Owholemodule";
				TARGETED_DEVICE_FAMILY = "1,2";
				VALIDATE_PRODUCT = YES;
			};
			name = Release;
		};
		9297455D1F27DC8C00A9AD4D /* Debug */ = {
			isa = XCBuildConfiguration;
			buildSettings = {
				ASSETCATALOG_COMPILER_APPICON_NAME = AppIcon;
				DEVELOPMENT_TEAM = 758G5UZFGG;
				INFOPLIST_FILE = camelcase/Info.plist;
				LD_RUNPATH_SEARCH_PATHS = "$(inherited) @executable_path/Frameworks";
				PRODUCT_BUNDLE_IDENTIFIER = com.example.camelcase;
				PRODUCT_NAME = "$(TARGET_NAME)";
				SWIFT_VERSION = 3.0;
			};
			name = Debug;
		};
		9297455E1F27DC8C00A9AD4D /* Release */ = {
			isa = XCBuildConfiguration;
			buildSettings = {
				ASSETCATALOG_COMPILER_APPICON_NAME = AppIcon;
				DEVELOPMENT_TEAM = 758G5UZFGG;
				INFOPLIST_FILE = camelcase/Info.plist;
				LD_RUNPATH_SEARCH_PATHS = "$(inherited) @executable_path/Frameworks";
				PRODUCT_BUNDLE_IDENTIFIER = com.example.camelcase;
				PRODUCT_NAME = "$(TARGET_NAME)";
				SWIFT_VERSION = 3.0;
			};
			name = Release;
		};
		929745601F27DC8C00A9AD4D /* Debug */ = {
			isa = XCBuildConfiguration;
			buildSettings = {
				ALWAYS_EMBED_SWIFT_STANDARD_LIBRARIES = YES;
				BUNDLE_LOADER = "$(TEST_HOST)";
				DEVELOPMENT_TEAM = 758G5UZFGG;
				INFOPLIST_FILE = camelcaseTests/Info.plist;
				LD_RUNPATH_SEARCH_PATHS = "$(inherited) @executable_path/Frameworks @loader_path/Frameworks";
				PRODUCT_BUNDLE_IDENTIFIER = com.example.camelcaseTests;
				PRODUCT_NAME = "$(TARGET_NAME)";
				SWIFT_VERSION = 3.0;
				TEST_HOST = "$(BUILT_PRODUCTS_DIR)/camelcase.app/camelcase";
			};
			name = Debug;
		};
		929745611F27DC8C00A9AD4D /* Release */ = {
			isa = XCBuildConfiguration;
			buildSettings = {
				ALWAYS_EMBED_SWIFT_STANDARD_LIBRARIES = YES;
				BUNDLE_LOADER = "$(TEST_HOST)";
				DEVELOPMENT_TEAM = 758G5UZFGG;
				INFOPLIST_FILE = camelcaseTests/Info.plist;
				LD_RUNPATH_SEARCH_PATHS = "$(inherited) @executable_path/Frameworks @loader_path/Frameworks";
				PRODUCT_BUNDLE_IDENTIFIER = com.example.camelcaseTests;
				PRODUCT_NAME = "$(TARGET_NAME)";
				SWIFT_VERSION = 3.0;
				TEST_HOST = "$(BUILT_PRODUCTS_DIR)/camelcase.app/camelcase";
			};
			name = Release;
		};
/* End XCBuildConfiguration section */

/* Begin XCConfigurationList section */
		9297453A1F27DC8C00A9AD4D /* Build configuration list for PBXProject "camelcase" */ = {
			isa = XCConfigurationList;
			buildConfigurations = (
				9297455A1F27DC8C00A9AD4D /* Debug */,
				9297455B1F27DC8C00A9AD4D /* Release */,
			);
			defaultConfigurationIsVisible = 0;
			defaultConfigurationName = Release;
		};
		9297455C1F27DC8C00A9AD4D /* Build configuration list for PBXNativeTarget "camelcase" */ = {
			isa = XCConfigurationList;
			buildConfigurations = (
				9297455D1F27DC8C00A9AD4D /* Debug */,
				9297455E1F27DC8C00A9AD4D /* Release */,
			);
			defaultConfigurationIsVisible = 0;
			defaultConfigurationName = Release;
		};
		9297455F1F27DC8C00A9AD4D /* Build configuration list for PBXNativeTarget "camelcaseTests" */ = {
			isa = XCConfigurationList;
			buildConfigurations = (
				929745601F27DC8C00A9AD4D /* Debug */,
				929745611F27DC8C00A9AD4D /* Release */,
			);
			defaultConfigurationIsVisible = 0;
			defaultConfigurationName = Release;
		};
/* End XCConfigurationList section */
	};
	rootObject = 929745371F27DC8C00A9AD4D /* Project object */;
}
